// !$*UTF8*$!
{
	archiveVersion = 1;
	classes = {
	};
	objectVersion = 50;
	objects = {

/* Begin PBXBuildFile section */
		BE87460E234F675F0094BA71 /* AppDelegate.swift in Sources */ = {isa = PBXBuildFile; fileRef = BE87460D234F675F0094BA71 /* AppDelegate.swift */; };
		BE874610234F675F0094BA71 /* SceneDelegate.swift in Sources */ = {isa = PBXBuildFile; fileRef = BE87460F234F675F0094BA71 /* SceneDelegate.swift */; };
		BE874612234F675F0094BA71 /* ViewController.swift in Sources */ = {isa = PBXBuildFile; fileRef = BE874611234F675F0094BA71 /* ViewController.swift */; };
		BE874615234F675F0094BA71 /* Main.storyboard in Resources */ = {isa = PBXBuildFile; fileRef = BE874613234F675F0094BA71 /* Main.storyboard */; };
		BE874617234F67610094BA71 /* Assets.xcassets in Resources */ = {isa = PBXBuildFile; fileRef = BE874616234F67610094BA71 /* Assets.xcassets */; };
		BE87461A234F67610094BA71 /* LaunchScreen.storyboard in Resources */ = {isa = PBXBuildFile; fileRef = BE874618234F67610094BA71 /* LaunchScreen.storyboard */; };
		BE874622234F67850094BA71 /* Common.swift in Sources */ = {isa = PBXBuildFile; fileRef = BE874621234F67850094BA71 /* Common.swift */; };
		BEA948932351CF0F00790A30 /* Model.swift in Sources */ = {isa = PBXBuildFile; fileRef = BEA948922351CF0F00790A30 /* Model.swift */; };
		BEF81943234F6FDC0078933D /* SummaryTableViewCell.swift in Sources */ = {isa = PBXBuildFile; fileRef = BEF81942234F6FDC0078933D /* SummaryTableViewCell.swift */; };
		BEF81945234F6FF50078933D /* ForecastTableViewCell.swift in Sources */ = {isa = PBXBuildFile; fileRef = BEF81944234F6FF50078933D /* ForecastTableViewCell.swift */; };
/* End PBXBuildFile section */

/* Begin PBXFileReference section */
		BE87460A234F675F0094BA71 /* JuneWeather.app */ = {isa = PBXFileReference; explicitFileType = wrapper.application; includeInIndex = 0; path = JuneWeather.app; sourceTree = BUILT_PRODUCTS_DIR; };
		BE87460D234F675F0094BA71 /* AppDelegate.swift */ = {isa = PBXFileReference; lastKnownFileType = sourcecode.swift; path = AppDelegate.swift; sourceTree = "<group>"; };
		BE87460F234F675F0094BA71 /* SceneDelegate.swift */ = {isa = PBXFileReference; lastKnownFileType = sourcecode.swift; path = SceneDelegate.swift; sourceTree = "<group>"; };
		BE874611234F675F0094BA71 /* ViewController.swift */ = {isa = PBXFileReference; lastKnownFileType = sourcecode.swift; path = ViewController.swift; sourceTree = "<group>"; };
		BE874614234F675F0094BA71 /* Base */ = {isa = PBXFileReference; lastKnownFileType = file.storyboard; name = Base; path = Base.lproj/Main.storyboard; sourceTree = "<group>"; };
		BE874616234F67610094BA71 /* Assets.xcassets */ = {isa = PBXFileReference; lastKnownFileType = folder.assetcatalog; path = Assets.xcassets; sourceTree = "<group>"; };
		BE874619234F67610094BA71 /* Base */ = {isa = PBXFileReference; lastKnownFileType = file.storyboard; name = Base; path = Base.lproj/LaunchScreen.storyboard; sourceTree = "<group>"; };
		BE87461B234F67610094BA71 /* Info.plist */ = {isa = PBXFileReference; lastKnownFileType = text.plist.xml; path = Info.plist; sourceTree = "<group>"; };
		BE874621234F67850094BA71 /* Common.swift */ = {isa = PBXFileReference; lastKnownFileType = sourcecode.swift; path = Common.swift; sourceTree = "<group>"; };
		BEA948912351ADC600790A30 /* forecastApi.playground */ = {isa = PBXFileReference; lastKnownFileType = file.playground; path = forecastApi.playground; sourceTree = "<group>"; xcLanguageSpecificationIdentifier = xcode.lang.swift; };
		BEA948922351CF0F00790A30 /* Model.swift */ = {isa = PBXFileReference; lastKnownFileType = sourcecode.swift; path = Model.swift; sourceTree = "<group>"; };
		BEA948942354AD7C00790A30 /* Location.gpx */ = {isa = PBXFileReference; lastKnownFileType = text.xml; path = Location.gpx; sourceTree = "<group>"; };
		BEF81942234F6FDC0078933D /* SummaryTableViewCell.swift */ = {isa = PBXFileReference; lastKnownFileType = sourcecode.swift; path = SummaryTableViewCell.swift; sourceTree = "<group>"; };
		BEF81944234F6FF50078933D /* ForecastTableViewCell.swift */ = {isa = PBXFileReference; lastKnownFileType = sourcecode.swift; path = ForecastTableViewCell.swift; sourceTree = "<group>"; };
		BEF81948234F799F0078933D /* summaryApi.playground */ = {isa = PBXFileReference; lastKnownFileType = file.playground; path = summaryApi.playground; sourceTree = "<group>"; xcLanguageSpecificationIdentifier = xcode.lang.swift; };
/* End PBXFileReference section */

/* Begin PBXFrameworksBuildPhase section */
		BE874607234F675F0094BA71 /* Frameworks */ = {
			isa = PBXFrameworksBuildPhase;
			buildActionMask = 2147483647;
			files = (
			);
			runOnlyForDeploymentPostprocessing = 0;
		};
/* End PBXFrameworksBuildPhase section */

/* Begin PBXGroup section */
		BE874601234F675F0094BA71 = {
			isa = PBXGroup;
			children = (
				BE87460C234F675F0094BA71 /* JuneWeather */,
				BE87460B234F675F0094BA71 /* Products */,
			);
			sourceTree = "<group>";
		};
		BE87460B234F675F0094BA71 /* Products */ = {
			isa = PBXGroup;
			children = (
				BE87460A234F675F0094BA71 /* JuneWeather.app */,
			);
			name = Products;
			sourceTree = "<group>";
		};
		BE87460C234F675F0094BA71 /* JuneWeather */ = {
			isa = PBXGroup;
			children = (
				BEF81946234F796A0078933D /* ProtoType */,
				BEF81941234F6F9E0078933D /* Cell */,
				BE87460D234F675F0094BA71 /* AppDelegate.swift */,
				BE87460F234F675F0094BA71 /* SceneDelegate.swift */,
				BE874611234F675F0094BA71 /* ViewController.swift */,
				BE874613234F675F0094BA71 /* Main.storyboard */,
				BE874616234F67610094BA71 /* Assets.xcassets */,
				BE874618234F67610094BA71 /* LaunchScreen.storyboard */,
				BE87461B234F67610094BA71 /* Info.plist */,
				BE874621234F67850094BA71 /* Common.swift */,
				BEA948922351CF0F00790A30 /* Model.swift */,
			);
			path = JuneWeather;
			sourceTree = "<group>";
		};
		BEF81941234F6F9E0078933D /* Cell */ = {
			isa = PBXGroup;
			children = (
				BEF81942234F6FDC0078933D /* SummaryTableViewCell.swift */,
				BEF81944234F6FF50078933D /* ForecastTableViewCell.swift */,
			);
			path = Cell;
			sourceTree = "<group>";
		};
		BEF81946234F796A0078933D /* ProtoType */ = {
			isa = PBXGroup;
			children = (
				BEF81948234F799F0078933D /* summaryApi.playground */,
				BEA948912351ADC600790A30 /* forecastApi.playground */,
				BEA948942354AD7C00790A30 /* Location.gpx */,
			);
			path = ProtoType;
			sourceTree = "<group>";
		};
/* End PBXGroup section */

/* Begin PBXNativeTarget section */
		BE874609234F675F0094BA71 /* JuneWeather */ = {
			isa = PBXNativeTarget;
			buildConfigurationList = BE87461E234F67610094BA71 /* Build configuration list for PBXNativeTarget "JuneWeather" */;
			buildPhases = (
				BE874606234F675F0094BA71 /* Sources */,
				BE874607234F675F0094BA71 /* Frameworks */,
				BE874608234F675F0094BA71 /* Resources */,
			);
			buildRules = (
			);
			dependencies = (
			);
			name = JuneWeather;
			productName = JuneWeather;
			productReference = BE87460A234F675F0094BA71 /* JuneWeather.app */;
			productType = "com.apple.product-type.application";
		};
/* End PBXNativeTarget section */

/* Begin PBXProject section */
		BE874602234F675F0094BA71 /* Project object */ = {
			isa = PBXProject;
			attributes = {
				LastSwiftUpdateCheck = 1110;
				LastUpgradeCheck = 1110;
				ORGANIZATIONNAME = "이영준";
				TargetAttributes = {
					BE874609234F675F0094BA71 = {
						CreatedOnToolsVersion = 11.1;
					};
				};
			};
			buildConfigurationList = BE874605234F675F0094BA71 /* Build configuration list for PBXProject "JuneWeather" */;
			compatibilityVersion = "Xcode 9.3";
			developmentRegion = en;
			hasScannedForEncodings = 0;
			knownRegions = (
				en,
				Base,
			);
			mainGroup = BE874601234F675F0094BA71;
			productRefGroup = BE87460B234F675F0094BA71 /* Products */;
			projectDirPath = "";
			projectRoot = "";
			targets = (
				BE874609234F675F0094BA71 /* JuneWeather */,
			);
		};
/* End PBXProject section */

/* Begin PBXResourcesBuildPhase section */
		BE874608234F675F0094BA71 /* Resources */ = {
			isa = PBXResourcesBuildPhase;
			buildActionMask = 2147483647;
			files = (
				BE87461A234F67610094BA71 /* LaunchScreen.storyboard in Resources */,
				BE874617234F67610094BA71 /* Assets.xcassets in Resources */,
				BE874615234F675F0094BA71 /* Main.storyboard in Resources */,
			);
			runOnlyForDeploymentPostprocessing = 0;
		};
/* End PBXResourcesBuildPhase section */

/* Begin PBXSourcesBuildPhase section */
		BE874606234F675F0094BA71 /* Sources */ = {
			isa = PBXSourcesBuildPhase;
			buildActionMask = 2147483647;
			files = (
				BEA948932351CF0F00790A30 /* Model.swift in Sources */,
				BEF81945234F6FF50078933D /* ForecastTableViewCell.swift in Sources */,
				BE874622234F67850094BA71 /* Common.swift in Sources */,
				BE874612234F675F0094BA71 /* ViewController.swift in Sources */,
				BE87460E234F675F0094BA71 /* AppDelegate.swift in Sources */,
				BEF81943234F6FDC0078933D /* SummaryTableViewCell.swift in Sources */,
				BE874610234F675F0094BA71 /* SceneDelegate.swift in Sources */,
			);
			runOnlyForDeploymentPostprocessing = 0;
		};
/* End PBXSourcesBuildPhase section */

/* Begin PBXVariantGroup section */
		BE874613234F675F0094BA71 /* Main.storyboard */ = {
			isa = PBXVariantGroup;
			children = (
				BE874614234F675F0094BA71 /* Base */,
			);
			name = Main.storyboard;
			sourceTree = "<group>";
		};
		BE874618234F67610094BA71 /* LaunchScreen.storyboard */ = {
			isa = PBXVariantGroup;
			children = (
				BE874619234F67610094BA71 /* Base */,
			);
			name = LaunchScreen.storyboard;
			sourceTree = "<group>";
		};
/* End PBXVariantGroup section */

/* Begin XCBuildConfiguration section */
		BE87461C234F67610094BA71 /* Debug */ = {
			isa = XCBuildConfiguration;
			buildSettings = {
				ALWAYS_SEARCH_USER_PATHS = NO;
				CLANG_ANALYZER_NONNULL = YES;
				CLANG_ANALYZER_NUMBER_OBJECT_CONVERSION = YES_AGGRESSIVE;
				CLANG_CXX_LANGUAGE_STANDARD = "gnu++14";
				CLANG_CXX_LIBRARY = "libc++";
				CLANG_ENABLE_MODULES = YES;
				CLANG_ENABLE_OBJC_ARC = YES;
				CLANG_ENABLE_OBJC_WEAK = YES;
				CLANG_WARN_BLOCK_CAPTURE_AUTORELEASING = YES;
				CLANG_WARN_BOOL_CONVERSION = YES;
				CLANG_WARN_COMMA = YES;
				CLANG_WARN_CONSTANT_CONVERSION = YES;
				CLANG_WARN_DEPRECATED_OBJC_IMPLEMENTATIONS = YES;
				CLANG_WARN_DIRECT_OBJC_ISA_USAGE = YES_ERROR;
				CLANG_WARN_DOCUMENTATION_COMMENTS = YES;
				CLANG_WARN_EMPTY_BODY = YES;
				CLANG_WARN_ENUM_CONVERSION = YES;
				CLANG_WARN_INFINITE_RECURSION = YES;
				CLANG_WARN_INT_CONVERSION = YES;
				CLANG_WARN_NON_LITERAL_NULL_CONVERSION = YES;
				CLANG_WARN_OBJC_IMPLICIT_RETAIN_SELF = YES;
				CLANG_WARN_OBJC_LITERAL_CONVERSION = YES;
				CLANG_WARN_OBJC_ROOT_CLASS = YES_ERROR;
				CLANG_WARN_RANGE_LOOP_ANALYSIS = YES;
				CLANG_WARN_STRICT_PROTOTYPES = YES;
				CLANG_WARN_SUSPICIOUS_MOVE = YES;
				CLANG_WARN_UNGUARDED_AVAILABILITY = YES_AGGRESSIVE;
				CLANG_WARN_UNREACHABLE_CODE = YES;
				CLANG_WARN__DUPLICATE_METHOD_MATCH = YES;
				COPY_PHASE_STRIP = NO;
				DEBUG_INFORMATION_FORMAT = dwarf;
				ENABLE_STRICT_OBJC_MSGSEND = YES;
				ENABLE_TESTABILITY = YES;
				GCC_C_LANGUAGE_STANDARD = gnu11;
				GCC_DYNAMIC_NO_PIC = NO;
				GCC_NO_COMMON_BLOCKS = YES;
				GCC_OPTIMIZATION_LEVEL = 0;
				GCC_PREPROCESSOR_DEFINITIONS = (
					"DEBUG=1",
					"$(inherited)",
				);
				GCC_WARN_64_TO_32_BIT_CONVERSION = YES;
				GCC_WARN_ABOUT_RETURN_TYPE = YES_ERROR;
				GCC_WARN_UNDECLARED_SELECTOR = YES;
				GCC_WARN_UNINITIALIZED_AUTOS = YES_AGGRESSIVE;
				GCC_WARN_UNUSED_FUNCTION = YES;
				GCC_WARN_UNUSED_VARIABLE = YES;
				IPHONEOS_DEPLOYMENT_TARGET = 13.1;
				MTL_ENABLE_DEBUG_INFO = INCLUDE_SOURCE;
				MTL_FAST_MATH = YES;
				ONLY_ACTIVE_ARCH = YES;
				SDKROOT = iphoneos;
				SWIFT_ACTIVE_COMPILATION_CONDITIONS = DEBUG;
				SWIFT_OPTIMIZATION_LEVEL = "-Onone";
			};
			name = Debug;
		};
		BE87461D234F67610094BA71 /* Release */ = {
			isa = XCBuildConfiguration;
			buildSettings = {
				ALWAYS_SEARCH_USER_PATHS = NO;
				CLANG_ANALYZER_NONNULL = YES;
				CLANG_ANALYZER_NUMBER_OBJECT_CONVERSION = YES_AGGRESSIVE;
				CLANG_CXX_LANGUAGE_STANDARD = "gnu++14";
				CLANG_CXX_LIBRARY = "libc++";
				CLANG_ENABLE_MODULES = YES;
				CLANG_ENABLE_OBJC_ARC = YES;
				CLANG_ENABLE_OBJC_WEAK = YES;
				CLANG_WARN_BLOCK_CAPTURE_AUTORELEASING = YES;
				CLANG_WARN_BOOL_CONVERSION = YES;
				CLANG_WARN_COMMA = YES;
				CLANG_WARN_CONSTANT_CONVERSION = YES;
				CLANG_WARN_DEPRECATED_OBJC_IMPLEMENTATIONS = YES;
				CLANG_WARN_DIRECT_OBJC_ISA_USAGE = YES_ERROR;
				CLANG_WARN_DOCUMENTATION_COMMENTS = YES;
				CLANG_WARN_EMPTY_BODY = YES;
				CLANG_WARN_ENUM_CONVERSION = YES;
				CLANG_WARN_INFINITE_RECURSION = YES;
				CLANG_WARN_INT_CONVERSION = YES;
				CLANG_WARN_NON_LITERAL_NULL_CONVERSION = YES;
				CLANG_WARN_OBJC_IMPLICIT_RETAIN_SELF = YES;
				CLANG_WARN_OBJC_LITERAL_CONVERSION = YES;
				CLANG_WARN_OBJC_ROOT_CLASS = YES_ERROR;
				CLANG_WARN_RANGE_LOOP_ANALYSIS = YES;
				CLANG_WARN_STRICT_PROTOTYPES = YES;
				CLANG_WARN_SUSPICIOUS_MOVE = YES;
				CLANG_WARN_UNGUARDED_AVAILABILITY = YES_AGGRESSIVE;
				CLANG_WARN_UNREACHABLE_CODE = YES;
				CLANG_WARN__DUPLICATE_METHOD_MATCH = YES;
				COPY_PHASE_STRIP = NO;
				DEBUG_INFORMATION_FORMAT = "dwarf-with-dsym";
				ENABLE_NS_ASSERTIONS = NO;
				ENABLE_STRICT_OBJC_MSGSEND = YES;
				GCC_C_LANGUAGE_STANDARD = gnu11;
				GCC_NO_COMMON_BLOCKS = YES;
				GCC_WARN_64_TO_32_BIT_CONVERSION = YES;
				GCC_WARN_ABOUT_RETURN_TYPE = YES_ERROR;
				GCC_WARN_UNDECLARED_SELECTOR = YES;
				GCC_WARN_UNINITIALIZED_AUTOS = YES_AGGRESSIVE;
				GCC_WARN_UNUSED_FUNCTION = YES;
				GCC_WARN_UNUSED_VARIABLE = YES;
				IPHONEOS_DEPLOYMENT_TARGET = 13.1;
				MTL_ENABLE_DEBUG_INFO = NO;
				MTL_FAST_MATH = YES;
				SDKROOT = iphoneos;
				SWIFT_COMPILATION_MODE = wholemodule;
				SWIFT_OPTIMIZATION_LEVEL = "-O";
				VALIDATE_PRODUCT = YES;
			};
			name = Release;
		};
		BE87461F234F67610094BA71 /* Debug */ = {
			isa = XCBuildConfiguration;
			buildSettings = {
				ASSETCATALOG_COMPILER_APPICON_NAME = AppIcon;
				CODE_SIGN_IDENTITY = "Apple Development";
				CODE_SIGN_STYLE = Automatic;
				DEVELOPMENT_TEAM = C7PE3WFRXS;
				INFOPLIST_FILE = JuneWeather/Info.plist;
				LD_RUNPATH_SEARCH_PATHS = (
					"$(inherited)",
					"@executable_path/Frameworks",
				);
				PRODUCT_BUNDLE_IDENTIFIER = zerojune.JuneWeather;
				PRODUCT_NAME = "$(TARGET_NAME)";
				PROVISIONING_PROFILE_SPECIFIER = "";
				SWIFT_VERSION = 5.0;
				TARGETED_DEVICE_FAMILY = "1,2";
			};
			name = Debug;
		};
		BE874620234F67610094BA71 /* Release */ = {
			isa = XCBuildConfiguration;
			buildSettings = {
				ASSETCATALOG_COMPILER_APPICON_NAME = AppIcon;
				CODE_SIGN_IDENTITY = "Apple Development";
				CODE_SIGN_STYLE = Automatic;
				DEVELOPMENT_TEAM = C7PE3WFRXS;
				INFOPLIST_FILE = JuneWeather/Info.plist;
				LD_RUNPATH_SEARCH_PATHS = (
					"$(inherited)",
					"@executable_path/Frameworks",
				);
				PRODUCT_BUNDLE_IDENTIFIER = zerojune.JuneWeather;
				PRODUCT_NAME = "$(TARGET_NAME)";
				PROVISIONING_PROFILE_SPECIFIER = "";
				SWIFT_VERSION = 5.0;
				TARGETED_DEVICE_FAMILY = "1,2";
			};
			name = Release;
		};
/* End XCBuildConfiguration section */

/* Begin XCConfigurationList section */
		BE874605234F675F0094BA71 /* Build configuration list for PBXProject "JuneWeather" */ = {
			isa = XCConfigurationList;
			buildConfigurations = (
				BE87461C234F67610094BA71 /* Debug */,
				BE87461D234F67610094BA71 /* Release */,
			);
			defaultConfigurationIsVisible = 0;
			defaultConfigurationName = Release;
		};
		BE87461E234F67610094BA71 /* Build configuration list for PBXNativeTarget "JuneWeather" */ = {
			isa = XCConfigurationList;
			buildConfigurations = (
				BE87461F234F67610094BA71 /* Debug */,
				BE874620234F67610094BA71 /* Release */,
			);
			defaultConfigurationIsVisible = 0;
			defaultConfigurationName = Release;
		};
/* End XCConfigurationList section */
	};
	rootObject = BE874602234F675F0094BA71 /* Project object */;
}
